{
  "object": {
    "pins": [
      {
        "package": "Contentful",
        "repositoryURL": "git@github.com:contentful/contentful.swift.git",
        "state": {
          "branch": null,
          "revision": "91f2306270a76fadc4c0c8237eff22966b608c08",
          "version": "5.3.0"
        }
      }
    ]
  },
  "version": 1
}
