// !$*UTF8*$!
{
	archiveVersion = 1;
	classes = {
	};
	objectVersion = 52;
	objects = {

/* Begin PBXBuildFile section */
		BB0FD9DF2529AF60000E1A1A /* CourseDetail.swift in Sources */ = {isa = PBXBuildFile; fileRef = BB0FD9DE2529AF60000E1A1A /* CourseDetail.swift */; };
		BB0FD9E42529B523000E1A1A /* Data.swift in Sources */ = {isa = PBXBuildFile; fileRef = BB0FD9E32529B523000E1A1A /* Data.swift */; };
		BB0FD9E92529B700000E1A1A /* PostList.swift in Sources */ = {isa = PBXBuildFile; fileRef = BB0FD9E82529B700000E1A1A /* PostList.swift */; };
		BB165CEA252AE7EC00F7A1C7 /* DataStore.swift in Sources */ = {isa = PBXBuildFile; fileRef = BB165CE9252AE7EC00F7A1C7 /* DataStore.swift */; };
		BB165CF0252AEB8E00F7A1C7 /* Contentful in Frameworks */ = {isa = PBXBuildFile; productRef = BB165CEF252AEB8E00F7A1C7 /* Contentful */; };
		BB165CF5252AF5ED00F7A1C7 /* CourseStore.swift in Sources */ = {isa = PBXBuildFile; fileRef = BB165CF4252AF5ED00F7A1C7 /* CourseStore.swift */; };
		BB18A6CE252DFE4B00CA5E5E /* loading.json in Resources */ = {isa = PBXBuildFile; fileRef = BB18A6CC252DFE4B00CA5E5E /* loading.json */; };
		BB18A6CF252DFE4B00CA5E5E /* success.json in Resources */ = {isa = PBXBuildFile; fileRef = BB18A6CD252DFE4B00CA5E5E /* success.json */; };
		BB18A6D5252DFEB500CA5E5E /* Lottie in Frameworks */ = {isa = PBXBuildFile; productRef = BB18A6D4252DFEB500CA5E5E /* Lottie */; };
		BB18A6DD252DFEED00CA5E5E /* LottieView.swift in Sources */ = {isa = PBXBuildFile; fileRef = BB18A6DC252DFEED00CA5E5E /* LottieView.swift */; };
		BB18A6E2252E00FE00CA5E5E /* LoadingView.swift in Sources */ = {isa = PBXBuildFile; fileRef = BB18A6E1252E00FE00CA5E5E /* LoadingView.swift */; };
		BB18A6E7252E03B000CA5E5E /* SuccessView.swift in Sources */ = {isa = PBXBuildFile; fileRef = BB18A6E6252E03B000CA5E5E /* SuccessView.swift */; };
		BB29313F252CB49800A7AF34 /* LoginView.swift in Sources */ = {isa = PBXBuildFile; fileRef = BB29313E252CB49800A7AF34 /* LoginView.swift */; };
		BB3DB35A25285FC90050401D /* UpdateList.swift in Sources */ = {isa = PBXBuildFile; fileRef = BB3DB35925285FC90050401D /* UpdateList.swift */; };
		BB3DB35F252867790050401D /* UpdateDetail.swift in Sources */ = {isa = PBXBuildFile; fileRef = BB3DB35E252867790050401D /* UpdateDetail.swift */; };
		BB526886252AFF9000C81E2A /* SDWebImageSwiftUI in Frameworks */ = {isa = PBXBuildFile; productRef = BB526885252AFF9000C81E2A /* SDWebImageSwiftUI */; };
		BB7BEB152527115300BCF114 /* MenuView.swift in Sources */ = {isa = PBXBuildFile; fileRef = BB7BEB142527115300BCF114 /* MenuView.swift */; };
		BB7BEB1A25271F7F00BCF114 /* Home.swift in Sources */ = {isa = PBXBuildFile; fileRef = BB7BEB1925271F7F00BCF114 /* Home.swift */; };
		BB7BEB1F25273B9C00BCF114 /* HomeView.swift in Sources */ = {isa = PBXBuildFile; fileRef = BB7BEB1E25273B9C00BCF114 /* HomeView.swift */; };
		BB9B778E252C87B800E2A9A5 /* BlurView.swift in Sources */ = {isa = PBXBuildFile; fileRef = BB9B778D252C87B800E2A9A5 /* BlurView.swift */; };
		BB9B7793252C987400E2A9A5 /* Buttons.swift in Sources */ = {isa = PBXBuildFile; fileRef = BB9B7792252C987400E2A9A5 /* Buttons.swift */; };
		BBA4475A2526DD9A00FB046F /* DesignCodeApp.swift in Sources */ = {isa = PBXBuildFile; fileRef = BBA447592526DD9A00FB046F /* DesignCodeApp.swift */; };
		BBA4475C2526DD9A00FB046F /* ContentView.swift in Sources */ = {isa = PBXBuildFile; fileRef = BBA4475B2526DD9A00FB046F /* ContentView.swift */; };
		BBA4475E2526DD9B00FB046F /* Assets.xcassets in Resources */ = {isa = PBXBuildFile; fileRef = BBA4475D2526DD9B00FB046F /* Assets.xcassets */; };
		BBA447612526DD9B00FB046F /* Preview Assets.xcassets in Resources */ = {isa = PBXBuildFile; fileRef = BBA447602526DD9B00FB046F /* Preview Assets.xcassets */; };
		BBA4476C2526DD9B00FB046F /* DesignCodeTests.swift in Sources */ = {isa = PBXBuildFile; fileRef = BBA4476B2526DD9B00FB046F /* DesignCodeTests.swift */; };
		BBA447772526DD9C00FB046F /* DesignCodeUITests.swift in Sources */ = {isa = PBXBuildFile; fileRef = BBA447762526DD9C00FB046F /* DesignCodeUITests.swift */; };
		BBED94802528705D0018C40A /* UpdateStore.swift in Sources */ = {isa = PBXBuildFile; fileRef = BBED947F2528705D0018C40A /* UpdateStore.swift */; };
		BBED9485252874650018C40A /* TabBar.swift in Sources */ = {isa = PBXBuildFile; fileRef = BBED9484252874650018C40A /* TabBar.swift */; };
		BBED948D2528858F0018C40A /* RingView.swift in Sources */ = {isa = PBXBuildFile; fileRef = BBED948C2528858F0018C40A /* RingView.swift */; };
		BBED9493252970C70018C40A /* Modifiers.swift in Sources */ = {isa = PBXBuildFile; fileRef = BBED9492252970C70018C40A /* Modifiers.swift */; };
		BBED94A6252974F70018C40A /* Lato-Italic.ttf in Resources */ = {isa = PBXBuildFile; fileRef = BBED949B252974F70018C40A /* Lato-Italic.ttf */; };
		BBED94A7252974F70018C40A /* Lato-LightItalic.ttf in Resources */ = {isa = PBXBuildFile; fileRef = BBED949C252974F70018C40A /* Lato-LightItalic.ttf */; };
		BBED94A8252974F70018C40A /* Lato-Thin.ttf in Resources */ = {isa = PBXBuildFile; fileRef = BBED949D252974F70018C40A /* Lato-Thin.ttf */; };
		BBED94A9252974F70018C40A /* Lato-Bold.ttf in Resources */ = {isa = PBXBuildFile; fileRef = BBED949E252974F70018C40A /* Lato-Bold.ttf */; };
		BBED94AA252974F70018C40A /* Lato-Black.ttf in Resources */ = {isa = PBXBuildFile; fileRef = BBED949F252974F70018C40A /* Lato-Black.ttf */; };
		BBED94AB252974F70018C40A /* Lato-Regular.ttf in Resources */ = {isa = PBXBuildFile; fileRef = BBED94A0252974F70018C40A /* Lato-Regular.ttf */; };
		BBED94AC252974F70018C40A /* Lato-BlackItalic.ttf in Resources */ = {isa = PBXBuildFile; fileRef = BBED94A1252974F70018C40A /* Lato-BlackItalic.ttf */; };
		BBED94AD252974F70018C40A /* OFL.txt in Resources */ = {isa = PBXBuildFile; fileRef = BBED94A2252974F70018C40A /* OFL.txt */; };
		BBED94AE252974F70018C40A /* Lato-BoldItalic.ttf in Resources */ = {isa = PBXBuildFile; fileRef = BBED94A3252974F70018C40A /* Lato-BoldItalic.ttf */; };
		BBED94AF252974F70018C40A /* Lato-Light.ttf in Resources */ = {isa = PBXBuildFile; fileRef = BBED94A4252974F70018C40A /* Lato-Light.ttf */; };
		BBED94B0252974F70018C40A /* Lato-ThinItalic.ttf in Resources */ = {isa = PBXBuildFile; fileRef = BBED94A5252974F70018C40A /* Lato-ThinItalic.ttf */; };
		BBED94B5252987550018C40A /* CourseList.swift in Sources */ = {isa = PBXBuildFile; fileRef = BBED94B4252987550018C40A /* CourseList.swift */; };
/* End PBXBuildFile section */

/* Begin PBXContainerItemProxy section */
		BBA447682526DD9B00FB046F /* PBXContainerItemProxy */ = {
			isa = PBXContainerItemProxy;
			containerPortal = BBA4474E2526DD9A00FB046F /* Project object */;
			proxyType = 1;
			remoteGlobalIDString = BBA447552526DD9A00FB046F;
			remoteInfo = DesignCode;
		};
		BBA447732526DD9C00FB046F /* PBXContainerItemProxy */ = {
			isa = PBXContainerItemProxy;
			containerPortal = BBA4474E2526DD9A00FB046F /* Project object */;
			proxyType = 1;
			remoteGlobalIDString = BBA447552526DD9A00FB046F;
			remoteInfo = DesignCode;
		};
/* End PBXContainerItemProxy section */

/* Begin PBXFileReference section */
		BB0FD9DE2529AF60000E1A1A /* CourseDetail.swift */ = {isa = PBXFileReference; lastKnownFileType = sourcecode.swift; path = CourseDetail.swift; sourceTree = "<group>"; };
		BB0FD9E32529B523000E1A1A /* Data.swift */ = {isa = PBXFileReference; lastKnownFileType = sourcecode.swift; path = Data.swift; sourceTree = "<group>"; };
		BB0FD9E82529B700000E1A1A /* PostList.swift */ = {isa = PBXFileReference; lastKnownFileType = sourcecode.swift; path = PostList.swift; sourceTree = "<group>"; };
		BB165CE9252AE7EC00F7A1C7 /* DataStore.swift */ = {isa = PBXFileReference; lastKnownFileType = sourcecode.swift; path = DataStore.swift; sourceTree = "<group>"; };
		BB165CF4252AF5ED00F7A1C7 /* CourseStore.swift */ = {isa = PBXFileReference; lastKnownFileType = sourcecode.swift; path = CourseStore.swift; sourceTree = "<group>"; };
		BB18A6CC252DFE4B00CA5E5E /* loading.json */ = {isa = PBXFileReference; fileEncoding = 4; lastKnownFileType = text.json; path = loading.json; sourceTree = "<group>"; };
		BB18A6CD252DFE4B00CA5E5E /* success.json */ = {isa = PBXFileReference; fileEncoding = 4; lastKnownFileType = text.json; path = success.json; sourceTree = "<group>"; };
		BB18A6DC252DFEED00CA5E5E /* LottieView.swift */ = {isa = PBXFileReference; lastKnownFileType = sourcecode.swift; path = LottieView.swift; sourceTree = "<group>"; };
		BB18A6E1252E00FE00CA5E5E /* LoadingView.swift */ = {isa = PBXFileReference; lastKnownFileType = sourcecode.swift; path = LoadingView.swift; sourceTree = "<group>"; };
		BB18A6E6252E03B000CA5E5E /* SuccessView.swift */ = {isa = PBXFileReference; lastKnownFileType = sourcecode.swift; path = SuccessView.swift; sourceTree = "<group>"; };
		BB29313E252CB49800A7AF34 /* LoginView.swift */ = {isa = PBXFileReference; lastKnownFileType = sourcecode.swift; path = LoginView.swift; sourceTree = "<group>"; };
		BB3DB35925285FC90050401D /* UpdateList.swift */ = {isa = PBXFileReference; lastKnownFileType = sourcecode.swift; path = UpdateList.swift; sourceTree = "<group>"; };
		BB3DB35E252867790050401D /* UpdateDetail.swift */ = {isa = PBXFileReference; lastKnownFileType = sourcecode.swift; path = UpdateDetail.swift; sourceTree = "<group>"; };
		BB7BEB142527115300BCF114 /* MenuView.swift */ = {isa = PBXFileReference; lastKnownFileType = sourcecode.swift; path = MenuView.swift; sourceTree = "<group>"; };
		BB7BEB1925271F7F00BCF114 /* Home.swift */ = {isa = PBXFileReference; lastKnownFileType = sourcecode.swift; path = Home.swift; sourceTree = "<group>"; };
		BB7BEB1E25273B9C00BCF114 /* HomeView.swift */ = {isa = PBXFileReference; lastKnownFileType = sourcecode.swift; path = HomeView.swift; sourceTree = "<group>"; };
		BB9B778D252C87B800E2A9A5 /* BlurView.swift */ = {isa = PBXFileReference; lastKnownFileType = sourcecode.swift; path = BlurView.swift; sourceTree = "<group>"; };
		BB9B7792252C987400E2A9A5 /* Buttons.swift */ = {isa = PBXFileReference; lastKnownFileType = sourcecode.swift; path = Buttons.swift; sourceTree = "<group>"; };
		BBA447562526DD9A00FB046F /* DesignCode.app */ = {isa = PBXFileReference; explicitFileType = wrapper.application; includeInIndex = 0; path = DesignCode.app; sourceTree = BUILT_PRODUCTS_DIR; };
		BBA447592526DD9A00FB046F /* DesignCodeApp.swift */ = {isa = PBXFileReference; lastKnownFileType = sourcecode.swift; path = DesignCodeApp.swift; sourceTree = "<group>"; };
		BBA4475B2526DD9A00FB046F /* ContentView.swift */ = {isa = PBXFileReference; lastKnownFileType = sourcecode.swift; path = ContentView.swift; sourceTree = "<group>"; };
		BBA4475D2526DD9B00FB046F /* Assets.xcassets */ = {isa = PBXFileReference; lastKnownFileType = folder.assetcatalog; path = Assets.xcassets; sourceTree = "<group>"; };
		BBA447602526DD9B00FB046F /* Preview Assets.xcassets */ = {isa = PBXFileReference; lastKnownFileType = folder.assetcatalog; path = "Preview Assets.xcassets"; sourceTree = "<group>"; };
		BBA447622526DD9B00FB046F /* Info.plist */ = {isa = PBXFileReference; lastKnownFileType = text.plist.xml; path = Info.plist; sourceTree = "<group>"; };
		BBA447672526DD9B00FB046F /* DesignCodeTests.xctest */ = {isa = PBXFileReference; explicitFileType = wrapper.cfbundle; includeInIndex = 0; path = DesignCodeTests.xctest; sourceTree = BUILT_PRODUCTS_DIR; };
		BBA4476B2526DD9B00FB046F /* DesignCodeTests.swift */ = {isa = PBXFileReference; lastKnownFileType = sourcecode.swift; path = DesignCodeTests.swift; sourceTree = "<group>"; };
		BBA4476D2526DD9B00FB046F /* Info.plist */ = {isa = PBXFileReference; lastKnownFileType = text.plist.xml; path = Info.plist; sourceTree = "<group>"; };
		BBA447722526DD9C00FB046F /* DesignCodeUITests.xctest */ = {isa = PBXFileReference; explicitFileType = wrapper.cfbundle; includeInIndex = 0; path = DesignCodeUITests.xctest; sourceTree = BUILT_PRODUCTS_DIR; };
		BBA447762526DD9C00FB046F /* DesignCodeUITests.swift */ = {isa = PBXFileReference; lastKnownFileType = sourcecode.swift; path = DesignCodeUITests.swift; sourceTree = "<group>"; };
		BBA447782526DD9C00FB046F /* Info.plist */ = {isa = PBXFileReference; lastKnownFileType = text.plist.xml; path = Info.plist; sourceTree = "<group>"; };
		BBED947F2528705D0018C40A /* UpdateStore.swift */ = {isa = PBXFileReference; lastKnownFileType = sourcecode.swift; path = UpdateStore.swift; sourceTree = "<group>"; };
		BBED9484252874650018C40A /* TabBar.swift */ = {isa = PBXFileReference; lastKnownFileType = sourcecode.swift; path = TabBar.swift; sourceTree = "<group>"; };
		BBED948C2528858F0018C40A /* RingView.swift */ = {isa = PBXFileReference; lastKnownFileType = sourcecode.swift; path = RingView.swift; sourceTree = "<group>"; };
		BBED9492252970C70018C40A /* Modifiers.swift */ = {isa = PBXFileReference; lastKnownFileType = sourcecode.swift; path = Modifiers.swift; sourceTree = "<group>"; };
		BBED949B252974F70018C40A /* Lato-Italic.ttf */ = {isa = PBXFileReference; lastKnownFileType = file; path = "Lato-Italic.ttf"; sourceTree = "<group>"; };
		BBED949C252974F70018C40A /* Lato-LightItalic.ttf */ = {isa = PBXFileReference; lastKnownFileType = file; path = "Lato-LightItalic.ttf"; sourceTree = "<group>"; };
		BBED949D252974F70018C40A /* Lato-Thin.ttf */ = {isa = PBXFileReference; lastKnownFileType = file; path = "Lato-Thin.ttf"; sourceTree = "<group>"; };
		BBED949E252974F70018C40A /* Lato-Bold.ttf */ = {isa = PBXFileReference; lastKnownFileType = file; path = "Lato-Bold.ttf"; sourceTree = "<group>"; };
		BBED949F252974F70018C40A /* Lato-Black.ttf */ = {isa = PBXFileReference; lastKnownFileType = file; path = "Lato-Black.ttf"; sourceTree = "<group>"; };
		BBED94A0252974F70018C40A /* Lato-Regular.ttf */ = {isa = PBXFileReference; lastKnownFileType = file; path = "Lato-Regular.ttf"; sourceTree = "<group>"; };
		BBED94A1252974F70018C40A /* Lato-BlackItalic.ttf */ = {isa = PBXFileReference; lastKnownFileType = file; path = "Lato-BlackItalic.ttf"; sourceTree = "<group>"; };
		BBED94A2252974F70018C40A /* OFL.txt */ = {isa = PBXFileReference; fileEncoding = 4; lastKnownFileType = text; path = OFL.txt; sourceTree = "<group>"; };
		BBED94A3252974F70018C40A /* Lato-BoldItalic.ttf */ = {isa = PBXFileReference; lastKnownFileType = file; path = "Lato-BoldItalic.ttf"; sourceTree = "<group>"; };
		BBED94A4252974F70018C40A /* Lato-Light.ttf */ = {isa = PBXFileReference; lastKnownFileType = file; path = "Lato-Light.ttf"; sourceTree = "<group>"; };
		BBED94A5252974F70018C40A /* Lato-ThinItalic.ttf */ = {isa = PBXFileReference; lastKnownFileType = file; path = "Lato-ThinItalic.ttf"; sourceTree = "<group>"; };
		BBED94B4252987550018C40A /* CourseList.swift */ = {isa = PBXFileReference; lastKnownFileType = sourcecode.swift; path = CourseList.swift; sourceTree = "<group>"; };
/* End PBXFileReference section */

/* Begin PBXFrameworksBuildPhase section */
		BBA447532526DD9A00FB046F /* Frameworks */ = {
			isa = PBXFrameworksBuildPhase;
			buildActionMask = 2147483647;
			files = (
				BB526886252AFF9000C81E2A /* SDWebImageSwiftUI in Frameworks */,
				BB165CF0252AEB8E00F7A1C7 /* Contentful in Frameworks */,
				BB18A6D5252DFEB500CA5E5E /* Lottie in Frameworks */,
			);
			runOnlyForDeploymentPostprocessing = 0;
		};
		BBA447642526DD9B00FB046F /* Frameworks */ = {
			isa = PBXFrameworksBuildPhase;
			buildActionMask = 2147483647;
			files = (
			);
			runOnlyForDeploymentPostprocessing = 0;
		};
		BBA4476F2526DD9C00FB046F /* Frameworks */ = {
			isa = PBXFrameworksBuildPhase;
			buildActionMask = 2147483647;
			files = (
			);
			runOnlyForDeploymentPostprocessing = 0;
		};
/* End PBXFrameworksBuildPhase section */

/* Begin PBXGroup section */
		BB18A6CB252DFE4B00CA5E5E /* Lottie */ = {
			isa = PBXGroup;
			children = (
				BB18A6CC252DFE4B00CA5E5E /* loading.json */,
				BB18A6CD252DFE4B00CA5E5E /* success.json */,
			);
			path = Lottie;
			sourceTree = "<group>";
		};
		BBA4474D2526DD9A00FB046F = {
			isa = PBXGroup;
			children = (
				BBA447582526DD9A00FB046F /* DesignCode */,
				BBA4476A2526DD9B00FB046F /* DesignCodeTests */,
				BBA447752526DD9C00FB046F /* DesignCodeUITests */,
				BBA447572526DD9A00FB046F /* Products */,
			);
			sourceTree = "<group>";
		};
		BBA447572526DD9A00FB046F /* Products */ = {
			isa = PBXGroup;
			children = (
				BBA447562526DD9A00FB046F /* DesignCode.app */,
				BBA447672526DD9B00FB046F /* DesignCodeTests.xctest */,
				BBA447722526DD9C00FB046F /* DesignCodeUITests.xctest */,
			);
			name = Products;
			sourceTree = "<group>";
		};
		BBA447582526DD9A00FB046F /* DesignCode */ = {
			isa = PBXGroup;
			children = (
				BBA447592526DD9A00FB046F /* DesignCodeApp.swift */,
				BBA4475B2526DD9A00FB046F /* ContentView.swift */,
				BB7BEB1925271F7F00BCF114 /* Home.swift */,
				BB7BEB1E25273B9C00BCF114 /* HomeView.swift */,
				BB3DB35925285FC90050401D /* UpdateList.swift */,
				BB7BEB142527115300BCF114 /* MenuView.swift */,
				BBED947F2528705D0018C40A /* UpdateStore.swift */,
				BB0FD9E82529B700000E1A1A /* PostList.swift */,
				BB0FD9E32529B523000E1A1A /* Data.swift */,
				BB165CE9252AE7EC00F7A1C7 /* DataStore.swift */,
				BBED94B4252987550018C40A /* CourseList.swift */,
				BB0FD9DE2529AF60000E1A1A /* CourseDetail.swift */,
				BB165CF4252AF5ED00F7A1C7 /* CourseStore.swift */,
				BB9B7792252C987400E2A9A5 /* Buttons.swift */,
				BBED948C2528858F0018C40A /* RingView.swift */,
				BBED9484252874650018C40A /* TabBar.swift */,
				BB9B778D252C87B800E2A9A5 /* BlurView.swift */,
				BB18A6DC252DFEED00CA5E5E /* LottieView.swift */,
				BB29313E252CB49800A7AF34 /* LoginView.swift */,
				BB18A6E1252E00FE00CA5E5E /* LoadingView.swift */,
				BB18A6E6252E03B000CA5E5E /* SuccessView.swift */,
				BB3DB35E252867790050401D /* UpdateDetail.swift */,
				BBED9492252970C70018C40A /* Modifiers.swift */,
				BBA4475D2526DD9B00FB046F /* Assets.xcassets */,
				BB18A6CB252DFE4B00CA5E5E /* Lottie */,
				BBED949A252974F70018C40A /* Lato */,
				BBA447622526DD9B00FB046F /* Info.plist */,
				BBA4475F2526DD9B00FB046F /* Preview Content */,
			);
			path = DesignCode;
			sourceTree = "<group>";
		};
		BBA4475F2526DD9B00FB046F /* Preview Content */ = {
			isa = PBXGroup;
			children = (
				BBA447602526DD9B00FB046F /* Preview Assets.xcassets */,
			);
			path = "Preview Content";
			sourceTree = "<group>";
		};
		BBA4476A2526DD9B00FB046F /* DesignCodeTests */ = {
			isa = PBXGroup;
			children = (
				BBA4476B2526DD9B00FB046F /* DesignCodeTests.swift */,
				BBA4476D2526DD9B00FB046F /* Info.plist */,
			);
			path = DesignCodeTests;
			sourceTree = "<group>";
		};
		BBA447752526DD9C00FB046F /* DesignCodeUITests */ = {
			isa = PBXGroup;
			children = (
				BBA447762526DD9C00FB046F /* DesignCodeUITests.swift */,
				BBA447782526DD9C00FB046F /* Info.plist */,
			);
			path = DesignCodeUITests;
			sourceTree = "<group>";
		};
		BBED949A252974F70018C40A /* Lato */ = {
			isa = PBXGroup;
			children = (
				BBED949B252974F70018C40A /* Lato-Italic.ttf */,
				BBED949C252974F70018C40A /* Lato-LightItalic.ttf */,
				BBED949D252974F70018C40A /* Lato-Thin.ttf */,
				BBED949E252974F70018C40A /* Lato-Bold.ttf */,
				BBED949F252974F70018C40A /* Lato-Black.ttf */,
				BBED94A0252974F70018C40A /* Lato-Regular.ttf */,
				BBED94A1252974F70018C40A /* Lato-BlackItalic.ttf */,
				BBED94A2252974F70018C40A /* OFL.txt */,
				BBED94A3252974F70018C40A /* Lato-BoldItalic.ttf */,
				BBED94A4252974F70018C40A /* Lato-Light.ttf */,
				BBED94A5252974F70018C40A /* Lato-ThinItalic.ttf */,
			);
			path = Lato;
			sourceTree = "<group>";
		};
/* End PBXGroup section */

/* Begin PBXNativeTarget section */
		BBA447552526DD9A00FB046F /* DesignCode */ = {
			isa = PBXNativeTarget;
			buildConfigurationList = BBA4477B2526DD9C00FB046F /* Build configuration list for PBXNativeTarget "DesignCode" */;
			buildPhases = (
				BBA447522526DD9A00FB046F /* Sources */,
				BBA447532526DD9A00FB046F /* Frameworks */,
				BBA447542526DD9A00FB046F /* Resources */,
			);
			buildRules = (
			);
			dependencies = (
			);
			name = DesignCode;
			packageProductDependencies = (
				BB165CEF252AEB8E00F7A1C7 /* Contentful */,
				BB526885252AFF9000C81E2A /* SDWebImageSwiftUI */,
				BB18A6D4252DFEB500CA5E5E /* Lottie */,
			);
			productName = DesignCode;
			productReference = BBA447562526DD9A00FB046F /* DesignCode.app */;
			productType = "com.apple.product-type.application";
		};
		BBA447662526DD9B00FB046F /* DesignCodeTests */ = {
			isa = PBXNativeTarget;
			buildConfigurationList = BBA4477E2526DD9C00FB046F /* Build configuration list for PBXNativeTarget "DesignCodeTests" */;
			buildPhases = (
				BBA447632526DD9B00FB046F /* Sources */,
				BBA447642526DD9B00FB046F /* Frameworks */,
				BBA447652526DD9B00FB046F /* Resources */,
			);
			buildRules = (
			);
			dependencies = (
				BBA447692526DD9B00FB046F /* PBXTargetDependency */,
			);
			name = DesignCodeTests;
			productName = DesignCodeTests;
			productReference = BBA447672526DD9B00FB046F /* DesignCodeTests.xctest */;
			productType = "com.apple.product-type.bundle.unit-test";
		};
		BBA447712526DD9C00FB046F /* DesignCodeUITests */ = {
			isa = PBXNativeTarget;
			buildConfigurationList = BBA447812526DD9C00FB046F /* Build configuration list for PBXNativeTarget "DesignCodeUITests" */;
			buildPhases = (
				BBA4476E2526DD9C00FB046F /* Sources */,
				BBA4476F2526DD9C00FB046F /* Frameworks */,
				BBA447702526DD9C00FB046F /* Resources */,
			);
			buildRules = (
			);
			dependencies = (
				BBA447742526DD9C00FB046F /* PBXTargetDependency */,
			);
			name = DesignCodeUITests;
			productName = DesignCodeUITests;
			productReference = BBA447722526DD9C00FB046F /* DesignCodeUITests.xctest */;
			productType = "com.apple.product-type.bundle.ui-testing";
		};
/* End PBXNativeTarget section */

/* Begin PBXProject section */
		BBA4474E2526DD9A00FB046F /* Project object */ = {
			isa = PBXProject;
			attributes = {
				LastSwiftUpdateCheck = 1200;
				LastUpgradeCheck = 1200;
				TargetAttributes = {
					BBA447552526DD9A00FB046F = {
						CreatedOnToolsVersion = 12.0.1;
					};
					BBA447662526DD9B00FB046F = {
						CreatedOnToolsVersion = 12.0.1;
						TestTargetID = BBA447552526DD9A00FB046F;
					};
					BBA447712526DD9C00FB046F = {
						CreatedOnToolsVersion = 12.0.1;
						TestTargetID = BBA447552526DD9A00FB046F;
					};
				};
			};
			buildConfigurationList = BBA447512526DD9A00FB046F /* Build configuration list for PBXProject "DesignCode" */;
			compatibilityVersion = "Xcode 9.3";
			developmentRegion = en;
			hasScannedForEncodings = 0;
			knownRegions = (
				en,
				Base,
			);
			mainGroup = BBA4474D2526DD9A00FB046F;
			packageReferences = (
				BB165CEE252AEB8E00F7A1C7 /* XCRemoteSwiftPackageReference "contentful.swift" */,
				BB526884252AFF9000C81E2A /* XCRemoteSwiftPackageReference "SDWebImageSwiftUI" */,
				BB18A6D3252DFEB500CA5E5E /* XCRemoteSwiftPackageReference "lottie-ios" */,
			);
			productRefGroup = BBA447572526DD9A00FB046F /* Products */;
			projectDirPath = "";
			projectRoot = "";
			targets = (
				BBA447552526DD9A00FB046F /* DesignCode */,
				BBA447662526DD9B00FB046F /* DesignCodeTests */,
				BBA447712526DD9C00FB046F /* DesignCodeUITests */,
			);
		};
/* End PBXProject section */

/* Begin PBXResourcesBuildPhase section */
		BBA447542526DD9A00FB046F /* Resources */ = {
			isa = PBXResourcesBuildPhase;
			buildActionMask = 2147483647;
			files = (
				BBED94AD252974F70018C40A /* OFL.txt in Resources */,
				BBED94AA252974F70018C40A /* Lato-Black.ttf in Resources */,
				BBA447612526DD9B00FB046F /* Preview Assets.xcassets in Resources */,
				BBED94AF252974F70018C40A /* Lato-Light.ttf in Resources */,
				BB18A6CE252DFE4B00CA5E5E /* loading.json in Resources */,
				BB18A6CF252DFE4B00CA5E5E /* success.json in Resources */,
				BBED94A9252974F70018C40A /* Lato-Bold.ttf in Resources */,
				BBED94AE252974F70018C40A /* Lato-BoldItalic.ttf in Resources */,
				BBED94AB252974F70018C40A /* Lato-Regular.ttf in Resources */,
				BBED94A6252974F70018C40A /* Lato-Italic.ttf in Resources */,
				BBED94AC252974F70018C40A /* Lato-BlackItalic.ttf in Resources */,
				BBED94A8252974F70018C40A /* Lato-Thin.ttf in Resources */,
				BBA4475E2526DD9B00FB046F /* Assets.xcassets in Resources */,
				BBED94B0252974F70018C40A /* Lato-ThinItalic.ttf in Resources */,
				BBED94A7252974F70018C40A /* Lato-LightItalic.ttf in Resources */,
			);
			runOnlyForDeploymentPostprocessing = 0;
		};
		BBA447652526DD9B00FB046F /* Resources */ = {
			isa = PBXResourcesBuildPhase;
			buildActionMask = 2147483647;
			files = (
			);
			runOnlyForDeploymentPostprocessing = 0;
		};
		BBA447702526DD9C00FB046F /* Resources */ = {
			isa = PBXResourcesBuildPhase;
			buildActionMask = 2147483647;
			files = (
			);
			runOnlyForDeploymentPostprocessing = 0;
		};
/* End PBXResourcesBuildPhase section */

/* Begin PBXSourcesBuildPhase section */
		BBA447522526DD9A00FB046F /* Sources */ = {
			isa = PBXSourcesBuildPhase;
			buildActionMask = 2147483647;
			files = (
				BBED948D2528858F0018C40A /* RingView.swift in Sources */,
				BB165CEA252AE7EC00F7A1C7 /* DataStore.swift in Sources */,
				BB0FD9E92529B700000E1A1A /* PostList.swift in Sources */,
				BB18A6E2252E00FE00CA5E5E /* LoadingView.swift in Sources */,
				BBED9493252970C70018C40A /* Modifiers.swift in Sources */,
				BBED9485252874650018C40A /* TabBar.swift in Sources */,
				BB9B778E252C87B800E2A9A5 /* BlurView.swift in Sources */,
				BB3DB35F252867790050401D /* UpdateDetail.swift in Sources */,
				BBED94B5252987550018C40A /* CourseList.swift in Sources */,
				BB165CF5252AF5ED00F7A1C7 /* CourseStore.swift in Sources */,
				BBA4475C2526DD9A00FB046F /* ContentView.swift in Sources */,
				BB7BEB152527115300BCF114 /* MenuView.swift in Sources */,
				BB18A6DD252DFEED00CA5E5E /* LottieView.swift in Sources */,
				BB0FD9E42529B523000E1A1A /* Data.swift in Sources */,
				BB3DB35A25285FC90050401D /* UpdateList.swift in Sources */,
				BBED94802528705D0018C40A /* UpdateStore.swift in Sources */,
				BB7BEB1A25271F7F00BCF114 /* Home.swift in Sources */,
				BB0FD9DF2529AF60000E1A1A /* CourseDetail.swift in Sources */,
				BB9B7793252C987400E2A9A5 /* Buttons.swift in Sources */,
				BB7BEB1F25273B9C00BCF114 /* HomeView.swift in Sources */,
				BB18A6E7252E03B000CA5E5E /* SuccessView.swift in Sources */,
				BB29313F252CB49800A7AF34 /* LoginView.swift in Sources */,
				BBA4475A2526DD9A00FB046F /* DesignCodeApp.swift in Sources */,
			);
			runOnlyForDeploymentPostprocessing = 0;
		};
		BBA447632526DD9B00FB046F /* Sources */ = {
			isa = PBXSourcesBuildPhase;
			buildActionMask = 2147483647;
			files = (
				BBA4476C2526DD9B00FB046F /* DesignCodeTests.swift in Sources */,
			);
			runOnlyForDeploymentPostprocessing = 0;
		};
		BBA4476E2526DD9C00FB046F /* Sources */ = {
			isa = PBXSourcesBuildPhase;
			buildActionMask = 2147483647;
			files = (
				BBA447772526DD9C00FB046F /* DesignCodeUITests.swift in Sources */,
			);
			runOnlyForDeploymentPostprocessing = 0;
		};
/* End PBXSourcesBuildPhase section */

/* Begin PBXTargetDependency section */
		BBA447692526DD9B00FB046F /* PBXTargetDependency */ = {
			isa = PBXTargetDependency;
			target = BBA447552526DD9A00FB046F /* DesignCode */;
			targetProxy = BBA447682526DD9B00FB046F /* PBXContainerItemProxy */;
		};
		BBA447742526DD9C00FB046F /* PBXTargetDependency */ = {
			isa = PBXTargetDependency;
			target = BBA447552526DD9A00FB046F /* DesignCode */;
			targetProxy = BBA447732526DD9C00FB046F /* PBXContainerItemProxy */;
		};
/* End PBXTargetDependency section */

/* Begin XCBuildConfiguration section */
		BBA447792526DD9C00FB046F /* Debug */ = {
			isa = XCBuildConfiguration;
			buildSettings = {
				ALWAYS_SEARCH_USER_PATHS = NO;
				CLANG_ANALYZER_NONNULL = YES;
				CLANG_ANALYZER_NUMBER_OBJECT_CONVERSION = YES_AGGRESSIVE;
				CLANG_CXX_LANGUAGE_STANDARD = "gnu++14";
				CLANG_CXX_LIBRARY = "libc++";
				CLANG_ENABLE_MODULES = YES;
				CLANG_ENABLE_OBJC_ARC = YES;
				CLANG_ENABLE_OBJC_WEAK = YES;
				CLANG_WARN_BLOCK_CAPTURE_AUTORELEASING = YES;
				CLANG_WARN_BOOL_CONVERSION = YES;
				CLANG_WARN_COMMA = YES;
				CLANG_WARN_CONSTANT_CONVERSION = YES;
				CLANG_WARN_DEPRECATED_OBJC_IMPLEMENTATIONS = YES;
				CLANG_WARN_DIRECT_OBJC_ISA_USAGE = YES_ERROR;
				CLANG_WARN_DOCUMENTATION_COMMENTS = YES;
				CLANG_WARN_EMPTY_BODY = YES;
				CLANG_WARN_ENUM_CONVERSION = YES;
				CLANG_WARN_INFINITE_RECURSION = YES;
				CLANG_WARN_INT_CONVERSION = YES;
				CLANG_WARN_NON_LITERAL_NULL_CONVERSION = YES;
				CLANG_WARN_OBJC_IMPLICIT_RETAIN_SELF = YES;
				CLANG_WARN_OBJC_LITERAL_CONVERSION = YES;
				CLANG_WARN_OBJC_ROOT_CLASS = YES_ERROR;
				CLANG_WARN_QUOTED_INCLUDE_IN_FRAMEWORK_HEADER = YES;
				CLANG_WARN_RANGE_LOOP_ANALYSIS = YES;
				CLANG_WARN_STRICT_PROTOTYPES = YES;
				CLANG_WARN_SUSPICIOUS_MOVE = YES;
				CLANG_WARN_UNGUARDED_AVAILABILITY = YES_AGGRESSIVE;
				CLANG_WARN_UNREACHABLE_CODE = YES;
				CLANG_WARN__DUPLICATE_METHOD_MATCH = YES;
				COPY_PHASE_STRIP = NO;
				DEBUG_INFORMATION_FORMAT = dwarf;
				ENABLE_STRICT_OBJC_MSGSEND = YES;
				ENABLE_TESTABILITY = YES;
				GCC_C_LANGUAGE_STANDARD = gnu11;
				GCC_DYNAMIC_NO_PIC = NO;
				GCC_NO_COMMON_BLOCKS = YES;
				GCC_OPTIMIZATION_LEVEL = 0;
				GCC_PREPROCESSOR_DEFINITIONS = (
					"DEBUG=1",
					"$(inherited)",
				);
				GCC_WARN_64_TO_32_BIT_CONVERSION = YES;
				GCC_WARN_ABOUT_RETURN_TYPE = YES_ERROR;
				GCC_WARN_UNDECLARED_SELECTOR = YES;
				GCC_WARN_UNINITIALIZED_AUTOS = YES_AGGRESSIVE;
				GCC_WARN_UNUSED_FUNCTION = YES;
				GCC_WARN_UNUSED_VARIABLE = YES;
				IPHONEOS_DEPLOYMENT_TARGET = 14.0;
				MTL_ENABLE_DEBUG_INFO = INCLUDE_SOURCE;
				MTL_FAST_MATH = YES;
				ONLY_ACTIVE_ARCH = YES;
				SDKROOT = iphoneos;
				SWIFT_ACTIVE_COMPILATION_CONDITIONS = DEBUG;
				SWIFT_OPTIMIZATION_LEVEL = "-Onone";
			};
			name = Debug;
		};
		BBA4477A2526DD9C00FB046F /* Release */ = {
			isa = XCBuildConfiguration;
			buildSettings = {
				ALWAYS_SEARCH_USER_PATHS = NO;
				CLANG_ANALYZER_NONNULL = YES;
				CLANG_ANALYZER_NUMBER_OBJECT_CONVERSION = YES_AGGRESSIVE;
				CLANG_CXX_LANGUAGE_STANDARD = "gnu++14";
				CLANG_CXX_LIBRARY = "libc++";
				CLANG_ENABLE_MODULES = YES;
				CLANG_ENABLE_OBJC_ARC = YES;
				CLANG_ENABLE_OBJC_WEAK = YES;
				CLANG_WARN_BLOCK_CAPTURE_AUTORELEASING = YES;
				CLANG_WARN_BOOL_CONVERSION = YES;
				CLANG_WARN_COMMA = YES;
				CLANG_WARN_CONSTANT_CONVERSION = YES;
				CLANG_WARN_DEPRECATED_OBJC_IMPLEMENTATIONS = YES;
				CLANG_WARN_DIRECT_OBJC_ISA_USAGE = YES_ERROR;
				CLANG_WARN_DOCUMENTATION_COMMENTS = YES;
				CLANG_WARN_EMPTY_BODY = YES;
				CLANG_WARN_ENUM_CONVERSION = YES;
				CLANG_WARN_INFINITE_RECURSION = YES;
				CLANG_WARN_INT_CONVERSION = YES;
				CLANG_WARN_NON_LITERAL_NULL_CONVERSION = YES;
				CLANG_WARN_OBJC_IMPLICIT_RETAIN_SELF = YES;
				CLANG_WARN_OBJC_LITERAL_CONVERSION = YES;
				CLANG_WARN_OBJC_ROOT_CLASS = YES_ERROR;
				CLANG_WARN_QUOTED_INCLUDE_IN_FRAMEWORK_HEADER = YES;
				CLANG_WARN_RANGE_LOOP_ANALYSIS = YES;
				CLANG_WARN_STRICT_PROTOTYPES = YES;
				CLANG_WARN_SUSPICIOUS_MOVE = YES;
				CLANG_WARN_UNGUARDED_AVAILABILITY = YES_AGGRESSIVE;
				CLANG_WARN_UNREACHABLE_CODE = YES;
				CLANG_WARN__DUPLICATE_METHOD_MATCH = YES;
				COPY_PHASE_STRIP = NO;
				DEBUG_INFORMATION_FORMAT = "dwarf-with-dsym";
				ENABLE_NS_ASSERTIONS = NO;
				ENABLE_STRICT_OBJC_MSGSEND = YES;
				GCC_C_LANGUAGE_STANDARD = gnu11;
				GCC_NO_COMMON_BLOCKS = YES;
				GCC_WARN_64_TO_32_BIT_CONVERSION = YES;
				GCC_WARN_ABOUT_RETURN_TYPE = YES_ERROR;
				GCC_WARN_UNDECLARED_SELECTOR = YES;
				GCC_WARN_UNINITIALIZED_AUTOS = YES_AGGRESSIVE;
				GCC_WARN_UNUSED_FUNCTION = YES;
				GCC_WARN_UNUSED_VARIABLE = YES;
				IPHONEOS_DEPLOYMENT_TARGET = 14.0;
				MTL_ENABLE_DEBUG_INFO = NO;
				MTL_FAST_MATH = YES;
				SDKROOT = iphoneos;
				SWIFT_COMPILATION_MODE = wholemodule;
				SWIFT_OPTIMIZATION_LEVEL = "-O";
				VALIDATE_PRODUCT = YES;
			};
			name = Release;
		};
		BBA4477C2526DD9C00FB046F /* Debug */ = {
			isa = XCBuildConfiguration;
			buildSettings = {
				ASSETCATALOG_COMPILER_APPICON_NAME = AppIcon;
				ASSETCATALOG_COMPILER_GLOBAL_ACCENT_COLOR_NAME = AccentColor;
				CODE_SIGN_STYLE = Automatic;
				DEAD_CODE_STRIPPING = NO;
				DEVELOPMENT_ASSET_PATHS = "\"DesignCode/Preview Content\"";
				DEVELOPMENT_TEAM = "";
				ENABLE_PREVIEWS = YES;
				INFOPLIST_FILE = DesignCode/Info.plist;
				IPHONEOS_DEPLOYMENT_TARGET = 14.0;
				LD_RUNPATH_SEARCH_PATHS = (
					"$(inherited)",
					"@executable_path/Frameworks",
				);
				PRODUCT_BUNDLE_IDENTIFIER = com.OJK.DesignCode;
				PRODUCT_NAME = "$(TARGET_NAME)";
				SWIFT_VERSION = 5.0;
				TARGETED_DEVICE_FAMILY = "1,2";
			};
			name = Debug;
		};
		BBA4477D2526DD9C00FB046F /* Release */ = {
			isa = XCBuildConfiguration;
			buildSettings = {
				ASSETCATALOG_COMPILER_APPICON_NAME = AppIcon;
				ASSETCATALOG_COMPILER_GLOBAL_ACCENT_COLOR_NAME = AccentColor;
				CODE_SIGN_STYLE = Automatic;
				DEAD_CODE_STRIPPING = NO;
				DEVELOPMENT_ASSET_PATHS = "\"DesignCode/Preview Content\"";
				DEVELOPMENT_TEAM = "";
				ENABLE_PREVIEWS = YES;
				INFOPLIST_FILE = DesignCode/Info.plist;
				IPHONEOS_DEPLOYMENT_TARGET = 14.0;
				LD_RUNPATH_SEARCH_PATHS = (
					"$(inherited)",
					"@executable_path/Frameworks",
				);
				PRODUCT_BUNDLE_IDENTIFIER = com.OJK.DesignCode;
				PRODUCT_NAME = "$(TARGET_NAME)";
				SWIFT_VERSION = 5.0;
				TARGETED_DEVICE_FAMILY = "1,2";
			};
			name = Release;
		};
		BBA4477F2526DD9C00FB046F /* Debug */ = {
			isa = XCBuildConfiguration;
			buildSettings = {
				ALWAYS_EMBED_SWIFT_STANDARD_LIBRARIES = YES;
				BUNDLE_LOADER = "$(TEST_HOST)";
				CODE_SIGN_STYLE = Automatic;
				INFOPLIST_FILE = DesignCodeTests/Info.plist;
				IPHONEOS_DEPLOYMENT_TARGET = 14.0;
				LD_RUNPATH_SEARCH_PATHS = (
					"$(inherited)",
					"@executable_path/Frameworks",
					"@loader_path/Frameworks",
				);
				PRODUCT_BUNDLE_IDENTIFIER = com.OJK.DesignCodeTests;
				PRODUCT_NAME = "$(TARGET_NAME)";
				SWIFT_VERSION = 5.0;
				TARGETED_DEVICE_FAMILY = "1,2";
				TEST_HOST = "$(BUILT_PRODUCTS_DIR)/DesignCode.app/DesignCode";
			};
			name = Debug;
		};
		BBA447802526DD9C00FB046F /* Release */ = {
			isa = XCBuildConfiguration;
			buildSettings = {
				ALWAYS_EMBED_SWIFT_STANDARD_LIBRARIES = YES;
				BUNDLE_LOADER = "$(TEST_HOST)";
				CODE_SIGN_STYLE = Automatic;
				INFOPLIST_FILE = DesignCodeTests/Info.plist;
				IPHONEOS_DEPLOYMENT_TARGET = 14.0;
				LD_RUNPATH_SEARCH_PATHS = (
					"$(inherited)",
					"@executable_path/Frameworks",
					"@loader_path/Frameworks",
				);
				PRODUCT_BUNDLE_IDENTIFIER = com.OJK.DesignCodeTests;
				PRODUCT_NAME = "$(TARGET_NAME)";
				SWIFT_VERSION = 5.0;
				TARGETED_DEVICE_FAMILY = "1,2";
				TEST_HOST = "$(BUILT_PRODUCTS_DIR)/DesignCode.app/DesignCode";
			};
			name = Release;
		};
		BBA447822526DD9C00FB046F /* Debug */ = {
			isa = XCBuildConfiguration;
			buildSettings = {
				ALWAYS_EMBED_SWIFT_STANDARD_LIBRARIES = YES;
				CODE_SIGN_STYLE = Automatic;
				INFOPLIST_FILE = DesignCodeUITests/Info.plist;
				LD_RUNPATH_SEARCH_PATHS = (
					"$(inherited)",
					"@executable_path/Frameworks",
					"@loader_path/Frameworks",
				);
				PRODUCT_BUNDLE_IDENTIFIER = com.OJK.DesignCodeUITests;
				PRODUCT_NAME = "$(TARGET_NAME)";
				SWIFT_VERSION = 5.0;
				TARGETED_DEVICE_FAMILY = "1,2";
				TEST_TARGET_NAME = DesignCode;
			};
			name = Debug;
		};
		BBA447832526DD9C00FB046F /* Release */ = {
			isa = XCBuildConfiguration;
			buildSettings = {
				ALWAYS_EMBED_SWIFT_STANDARD_LIBRARIES = YES;
				CODE_SIGN_STYLE = Automatic;
				INFOPLIST_FILE = DesignCodeUITests/Info.plist;
				LD_RUNPATH_SEARCH_PATHS = (
					"$(inherited)",
					"@executable_path/Frameworks",
					"@loader_path/Frameworks",
				);
				PRODUCT_BUNDLE_IDENTIFIER = com.OJK.DesignCodeUITests;
				PRODUCT_NAME = "$(TARGET_NAME)";
				SWIFT_VERSION = 5.0;
				TARGETED_DEVICE_FAMILY = "1,2";
				TEST_TARGET_NAME = DesignCode;
			};
			name = Release;
		};
/* End XCBuildConfiguration section */

/* Begin XCConfigurationList section */
		BBA447512526DD9A00FB046F /* Build configuration list for PBXProject "DesignCode" */ = {
			isa = XCConfigurationList;
			buildConfigurations = (
				BBA447792526DD9C00FB046F /* Debug */,
				BBA4477A2526DD9C00FB046F /* Release */,
			);
			defaultConfigurationIsVisible = 0;
			defaultConfigurationName = Release;
		};
		BBA4477B2526DD9C00FB046F /* Build configuration list for PBXNativeTarget "DesignCode" */ = {
			isa = XCConfigurationList;
			buildConfigurations = (
				BBA4477C2526DD9C00FB046F /* Debug */,
				BBA4477D2526DD9C00FB046F /* Release */,
			);
			defaultConfigurationIsVisible = 0;
			defaultConfigurationName = Release;
		};
		BBA4477E2526DD9C00FB046F /* Build configuration list for PBXNativeTarget "DesignCodeTests" */ = {
			isa = XCConfigurationList;
			buildConfigurations = (
				BBA4477F2526DD9C00FB046F /* Debug */,
				BBA447802526DD9C00FB046F /* Release */,
			);
			defaultConfigurationIsVisible = 0;
			defaultConfigurationName = Release;
		};
		BBA447812526DD9C00FB046F /* Build configuration list for PBXNativeTarget "DesignCodeUITests" */ = {
			isa = XCConfigurationList;
			buildConfigurations = (
				BBA447822526DD9C00FB046F /* Debug */,
				BBA447832526DD9C00FB046F /* Release */,
			);
			defaultConfigurationIsVisible = 0;
			defaultConfigurationName = Release;
		};
/* End XCConfigurationList section */

/* Begin XCRemoteSwiftPackageReference section */
		BB165CEE252AEB8E00F7A1C7 /* XCRemoteSwiftPackageReference "contentful.swift" */ = {
			isa = XCRemoteSwiftPackageReference;
			repositoryURL = "git@github.com:contentful/contentful.swift.git";
			requirement = {
				kind = upToNextMajorVersion;
				minimumVersion = 5.3.0;
			};
		};
		BB18A6D3252DFEB500CA5E5E /* XCRemoteSwiftPackageReference "lottie-ios" */ = {
			isa = XCRemoteSwiftPackageReference;
			repositoryURL = "git@github.com:airbnb/lottie-ios.git";
			requirement = {
				kind = upToNextMajorVersion;
				minimumVersion = 3.1.8;
			};
		};
		BB526884252AFF9000C81E2A /* XCRemoteSwiftPackageReference "SDWebImageSwiftUI" */ = {
			isa = XCRemoteSwiftPackageReference;
			repositoryURL = "git@github.com:SDWebImage/SDWebImageSwiftUI.git";
			requirement = {
				kind = upToNextMajorVersion;
				minimumVersion = 1.5.0;
			};
		};
/* End XCRemoteSwiftPackageReference section */

/* Begin XCSwiftPackageProductDependency section */
		BB165CEF252AEB8E00F7A1C7 /* Contentful */ = {
			isa = XCSwiftPackageProductDependency;
			package = BB165CEE252AEB8E00F7A1C7 /* XCRemoteSwiftPackageReference "contentful.swift" */;
			productName = Contentful;
		};
		BB18A6D4252DFEB500CA5E5E /* Lottie */ = {
			isa = XCSwiftPackageProductDependency;
			package = BB18A6D3252DFEB500CA5E5E /* XCRemoteSwiftPackageReference "lottie-ios" */;
			productName = Lottie;
		};
		BB526885252AFF9000C81E2A /* SDWebImageSwiftUI */ = {
			isa = XCSwiftPackageProductDependency;
			package = BB526884252AFF9000C81E2A /* XCRemoteSwiftPackageReference "SDWebImageSwiftUI" */;
			productName = SDWebImageSwiftUI;
		};
/* End XCSwiftPackageProductDependency section */
	};
	rootObject = BBA4474E2526DD9A00FB046F /* Project object */;
}
