// !$*UTF8*$!
{
	archiveVersion = 1;
	classes = {
	};
	objectVersion = 50;
	objects = {

/* Begin PBXBuildFile section */
		BB3DB35A25285FC90050401D /* UpdateList.swift in Sources */ = {isa = PBXBuildFile; fileRef = BB3DB35925285FC90050401D /* UpdateList.swift */; };
		BB3DB35F252867790050401D /* UpdateDetail.swift in Sources */ = {isa = PBXBuildFile; fileRef = BB3DB35E252867790050401D /* UpdateDetail.swift */; };
		BB7BEB152527115300BCF114 /* MenuView.swift in Sources */ = {isa = PBXBuildFile; fileRef = BB7BEB142527115300BCF114 /* MenuView.swift */; };
		BB7BEB1A25271F7F00BCF114 /* Home.swift in Sources */ = {isa = PBXBuildFile; fileRef = BB7BEB1925271F7F00BCF114 /* Home.swift */; };
		BB7BEB1F25273B9C00BCF114 /* HomeView.swift in Sources */ = {isa = PBXBuildFile; fileRef = BB7BEB1E25273B9C00BCF114 /* HomeView.swift */; };
		BBA4475A2526DD9A00FB046F /* DesignCodeApp.swift in Sources */ = {isa = PBXBuildFile; fileRef = BBA447592526DD9A00FB046F /* DesignCodeApp.swift */; };
		BBA4475C2526DD9A00FB046F /* ContentView.swift in Sources */ = {isa = PBXBuildFile; fileRef = BBA4475B2526DD9A00FB046F /* ContentView.swift */; };
		BBA4475E2526DD9B00FB046F /* Assets.xcassets in Resources */ = {isa = PBXBuildFile; fileRef = BBA4475D2526DD9B00FB046F /* Assets.xcassets */; };
		BBA447612526DD9B00FB046F /* Preview Assets.xcassets in Resources */ = {isa = PBXBuildFile; fileRef = BBA447602526DD9B00FB046F /* Preview Assets.xcassets */; };
		BBA4476C2526DD9B00FB046F /* DesignCodeTests.swift in Sources */ = {isa = PBXBuildFile; fileRef = BBA4476B2526DD9B00FB046F /* DesignCodeTests.swift */; };
		BBA447772526DD9C00FB046F /* DesignCodeUITests.swift in Sources */ = {isa = PBXBuildFile; fileRef = BBA447762526DD9C00FB046F /* DesignCodeUITests.swift */; };
		BBED94802528705D0018C40A /* UpdateStore.swift in Sources */ = {isa = PBXBuildFile; fileRef = BBED947F2528705D0018C40A /* UpdateStore.swift */; };
		BBED9485252874650018C40A /* TabBar.swift in Sources */ = {isa = PBXBuildFile; fileRef = BBED9484252874650018C40A /* TabBar.swift */; };
		BBED948D2528858F0018C40A /* RingView.swift in Sources */ = {isa = PBXBuildFile; fileRef = BBED948C2528858F0018C40A /* RingView.swift */; };
/* End PBXBuildFile section */

/* Begin PBXContainerItemProxy section */
		BBA447682526DD9B00FB046F /* PBXContainerItemProxy */ = {
			isa = PBXContainerItemProxy;
			containerPortal = BBA4474E2526DD9A00FB046F /* Project object */;
			proxyType = 1;
			remoteGlobalIDString = BBA447552526DD9A00FB046F;
			remoteInfo = DesignCode;
		};
		BBA447732526DD9C00FB046F /* PBXContainerItemProxy */ = {
			isa = PBXContainerItemProxy;
			containerPortal = BBA4474E2526DD9A00FB046F /* Project object */;
			proxyType = 1;
			remoteGlobalIDString = BBA447552526DD9A00FB046F;
			remoteInfo = DesignCode;
		};
/* End PBXContainerItemProxy section */

/* Begin PBXFileReference section */
		BB3DB35925285FC90050401D /* UpdateList.swift */ = {isa = PBXFileReference; lastKnownFileType = sourcecode.swift; path = UpdateList.swift; sourceTree = "<group>"; };
		BB3DB35E252867790050401D /* UpdateDetail.swift */ = {isa = PBXFileReference; lastKnownFileType = sourcecode.swift; path = UpdateDetail.swift; sourceTree = "<group>"; };
		BB7BEB142527115300BCF114 /* MenuView.swift */ = {isa = PBXFileReference; lastKnownFileType = sourcecode.swift; path = MenuView.swift; sourceTree = "<group>"; };
		BB7BEB1925271F7F00BCF114 /* Home.swift */ = {isa = PBXFileReference; lastKnownFileType = sourcecode.swift; path = Home.swift; sourceTree = "<group>"; };
		BB7BEB1E25273B9C00BCF114 /* HomeView.swift */ = {isa = PBXFileReference; lastKnownFileType = sourcecode.swift; path = HomeView.swift; sourceTree = "<group>"; };
		BBA447562526DD9A00FB046F /* DesignCode.app */ = {isa = PBXFileReference; explicitFileType = wrapper.application; includeInIndex = 0; path = DesignCode.app; sourceTree = BUILT_PRODUCTS_DIR; };
		BBA447592526DD9A00FB046F /* DesignCodeApp.swift */ = {isa = PBXFileReference; lastKnownFileType = sourcecode.swift; path = DesignCodeApp.swift; sourceTree = "<group>"; };
		BBA4475B2526DD9A00FB046F /* ContentView.swift */ = {isa = PBXFileReference; lastKnownFileType = sourcecode.swift; path = ContentView.swift; sourceTree = "<group>"; };
		BBA4475D2526DD9B00FB046F /* Assets.xcassets */ = {isa = PBXFileReference; lastKnownFileType = folder.assetcatalog; path = Assets.xcassets; sourceTree = "<group>"; };
		BBA447602526DD9B00FB046F /* Preview Assets.xcassets */ = {isa = PBXFileReference; lastKnownFileType = folder.assetcatalog; path = "Preview Assets.xcassets"; sourceTree = "<group>"; };
		BBA447622526DD9B00FB046F /* Info.plist */ = {isa = PBXFileReference; lastKnownFileType = text.plist.xml; path = Info.plist; sourceTree = "<group>"; };
		BBA447672526DD9B00FB046F /* DesignCodeTests.xctest */ = {isa = PBXFileReference; explicitFileType = wrapper.cfbundle; includeInIndex = 0; path = DesignCodeTests.xctest; sourceTree = BUILT_PRODUCTS_DIR; };
		BBA4476B2526DD9B00FB046F /* DesignCodeTests.swift */ = {isa = PBXFileReference; lastKnownFileType = sourcecode.swift; path = DesignCodeTests.swift; sourceTree = "<group>"; };
		BBA4476D2526DD9B00FB046F /* Info.plist */ = {isa = PBXFileReference; lastKnownFileType = text.plist.xml; path = Info.plist; sourceTree = "<group>"; };
		BBA447722526DD9C00FB046F /* DesignCodeUITests.xctest */ = {isa = PBXFileReference; explicitFileType = wrapper.cfbundle; includeInIndex = 0; path = DesignCodeUITests.xctest; sourceTree = BUILT_PRODUCTS_DIR; };
		BBA447762526DD9C00FB046F /* DesignCodeUITests.swift */ = {isa = PBXFileReference; lastKnownFileType = sourcecode.swift; path = DesignCodeUITests.swift; sourceTree = "<group>"; };
		BBA447782526DD9C00FB046F /* Info.plist */ = {isa = PBXFileReference; lastKnownFileType = text.plist.xml; path = Info.plist; sourceTree = "<group>"; };
		BBED947F2528705D0018C40A /* UpdateStore.swift */ = {isa = PBXFileReference; lastKnownFileType = sourcecode.swift; path = UpdateStore.swift; sourceTree = "<group>"; };
		BBED9484252874650018C40A /* TabBar.swift */ = {isa = PBXFileReference; lastKnownFileType = sourcecode.swift; path = TabBar.swift; sourceTree = "<group>"; };
		BBED948C2528858F0018C40A /* RingView.swift */ = {isa = PBXFileReference; lastKnownFileType = sourcecode.swift; path = RingView.swift; sourceTree = "<group>"; };
/* End PBXFileReference section */

/* Begin PBXFrameworksBuildPhase section */
		BBA447532526DD9A00FB046F /* Frameworks */ = {
			isa = PBXFrameworksBuildPhase;
			buildActionMask = 2147483647;
			files = (
			);
			runOnlyForDeploymentPostprocessing = 0;
		};
		BBA447642526DD9B00FB046F /* Frameworks */ = {
			isa = PBXFrameworksBuildPhase;
			buildActionMask = 2147483647;
			files = (
			);
			runOnlyForDeploymentPostprocessing = 0;
		};
		BBA4476F2526DD9C00FB046F /* Frameworks */ = {
			isa = PBXFrameworksBuildPhase;
			buildActionMask = 2147483647;
			files = (
			);
			runOnlyForDeploymentPostprocessing = 0;
		};
/* End PBXFrameworksBuildPhase section */

/* Begin PBXGroup section */
		BBA4474D2526DD9A00FB046F = {
			isa = PBXGroup;
			children = (
				BBA447582526DD9A00FB046F /* DesignCode */,
				BBA4476A2526DD9B00FB046F /* DesignCodeTests */,
				BBA447752526DD9C00FB046F /* DesignCodeUITests */,
				BBA447572526DD9A00FB046F /* Products */,
			);
			sourceTree = "<group>";
		};
		BBA447572526DD9A00FB046F /* Products */ = {
			isa = PBXGroup;
			children = (
				BBA447562526DD9A00FB046F /* DesignCode.app */,
				BBA447672526DD9B00FB046F /* DesignCodeTests.xctest */,
				BBA447722526DD9C00FB046F /* DesignCodeUITests.xctest */,
			);
			name = Products;
			sourceTree = "<group>";
		};
		BBA447582526DD9A00FB046F /* DesignCode */ = {
			isa = PBXGroup;
			children = (
				BBA447592526DD9A00FB046F /* DesignCodeApp.swift */,
				BBA4475B2526DD9A00FB046F /* ContentView.swift */,
				BB7BEB1925271F7F00BCF114 /* Home.swift */,
				BB7BEB1E25273B9C00BCF114 /* HomeView.swift */,
				BB3DB35925285FC90050401D /* UpdateList.swift */,
				BB7BEB142527115300BCF114 /* MenuView.swift */,
				BBED947F2528705D0018C40A /* UpdateStore.swift */,
				BBED948C2528858F0018C40A /* RingView.swift */,
				BBED9484252874650018C40A /* TabBar.swift */,
				BB3DB35E252867790050401D /* UpdateDetail.swift */,
				BBA4475D2526DD9B00FB046F /* Assets.xcassets */,
				BBA447622526DD9B00FB046F /* Info.plist */,
				BBA4475F2526DD9B00FB046F /* Preview Content */,
			);
			path = DesignCode;
			sourceTree = "<group>";
		};
		BBA4475F2526DD9B00FB046F /* Preview Content */ = {
			isa = PBXGroup;
			children = (
				BBA447602526DD9B00FB046F /* Preview Assets.xcassets */,
			);
			path = "Preview Content";
			sourceTree = "<group>";
		};
		BBA4476A2526DD9B00FB046F /* DesignCodeTests */ = {
			isa = PBXGroup;
			children = (
				BBA4476B2526DD9B00FB046F /* DesignCodeTests.swift */,
				BBA4476D2526DD9B00FB046F /* Info.plist */,
			);
			path = DesignCodeTests;
			sourceTree = "<group>";
		};
		BBA447752526DD9C00FB046F /* DesignCodeUITests */ = {
			isa = PBXGroup;
			children = (
				BBA447762526DD9C00FB046F /* DesignCodeUITests.swift */,
				BBA447782526DD9C00FB046F /* Info.plist */,
			);
			path = DesignCodeUITests;
			sourceTree = "<group>";
		};
/* End PBXGroup section */

/* Begin PBXNativeTarget section */
		BBA447552526DD9A00FB046F /* DesignCode */ = {
			isa = PBXNativeTarget;
			buildConfigurationList = BBA4477B2526DD9C00FB046F /* Build configuration list for PBXNativeTarget "DesignCode" */;
			buildPhases = (
				BBA447522526DD9A00FB046F /* Sources */,
				BBA447532526DD9A00FB046F /* Frameworks */,
				BBA447542526DD9A00FB046F /* Resources */,
			);
			buildRules = (
			);
			dependencies = (
			);
			name = DesignCode;
			productName = DesignCode;
			productReference = BBA447562526DD9A00FB046F /* DesignCode.app */;
			productType = "com.apple.product-type.application";
		};
		BBA447662526DD9B00FB046F /* DesignCodeTests */ = {
			isa = PBXNativeTarget;
			buildConfigurationList = BBA4477E2526DD9C00FB046F /* Build configuration list for PBXNativeTarget "DesignCodeTests" */;
			buildPhases = (
				BBA447632526DD9B00FB046F /* Sources */,
				BBA447642526DD9B00FB046F /* Frameworks */,
				BBA447652526DD9B00FB046F /* Resources */,
			);
			buildRules = (
			);
			dependencies = (
				BBA447692526DD9B00FB046F /* PBXTargetDependency */,
			);
			name = DesignCodeTests;
			productName = DesignCodeTests;
			productReference = BBA447672526DD9B00FB046F /* DesignCodeTests.xctest */;
			productType = "com.apple.product-type.bundle.unit-test";
		};
		BBA447712526DD9C00FB046F /* DesignCodeUITests */ = {
			isa = PBXNativeTarget;
			buildConfigurationList = BBA447812526DD9C00FB046F /* Build configuration list for PBXNativeTarget "DesignCodeUITests" */;
			buildPhases = (
				BBA4476E2526DD9C00FB046F /* Sources */,
				BBA4476F2526DD9C00FB046F /* Frameworks */,
				BBA447702526DD9C00FB046F /* Resources */,
			);
			buildRules = (
			);
			dependencies = (
				BBA447742526DD9C00FB046F /* PBXTargetDependency */,
			);
			name = DesignCodeUITests;
			productName = DesignCodeUITests;
			productReference = BBA447722526DD9C00FB046F /* DesignCodeUITests.xctest */;
			productType = "com.apple.product-type.bundle.ui-testing";
		};
/* End PBXNativeTarget section */

/* Begin PBXProject section */
		BBA4474E2526DD9A00FB046F /* Project object */ = {
			isa = PBXProject;
			attributes = {
				LastSwiftUpdateCheck = 1200;
				LastUpgradeCheck = 1200;
				TargetAttributes = {
					BBA447552526DD9A00FB046F = {
						CreatedOnToolsVersion = 12.0.1;
					};
					BBA447662526DD9B00FB046F = {
						CreatedOnToolsVersion = 12.0.1;
						TestTargetID = BBA447552526DD9A00FB046F;
					};
					BBA447712526DD9C00FB046F = {
						CreatedOnToolsVersion = 12.0.1;
						TestTargetID = BBA447552526DD9A00FB046F;
					};
				};
			};
			buildConfigurationList = BBA447512526DD9A00FB046F /* Build configuration list for PBXProject "DesignCode" */;
			compatibilityVersion = "Xcode 9.3";
			developmentRegion = en;
			hasScannedForEncodings = 0;
			knownRegions = (
				en,
				Base,
			);
			mainGroup = BBA4474D2526DD9A00FB046F;
			productRefGroup = BBA447572526DD9A00FB046F /* Products */;
			projectDirPath = "";
			projectRoot = "";
			targets = (
				BBA447552526DD9A00FB046F /* DesignCode */,
				BBA447662526DD9B00FB046F /* DesignCodeTests */,
				BBA447712526DD9C00FB046F /* DesignCodeUITests */,
			);
		};
/* End PBXProject section */

/* Begin PBXResourcesBuildPhase section */
		BBA447542526DD9A00FB046F /* Resources */ = {
			isa = PBXResourcesBuildPhase;
			buildActionMask = 2147483647;
			files = (
				BBA447612526DD9B00FB046F /* Preview Assets.xcassets in Resources */,
				BBA4475E2526DD9B00FB046F /* Assets.xcassets in Resources */,
			);
			runOnlyForDeploymentPostprocessing = 0;
		};
		BBA447652526DD9B00FB046F /* Resources */ = {
			isa = PBXResourcesBuildPhase;
			buildActionMask = 2147483647;
			files = (
			);
			runOnlyForDeploymentPostprocessing = 0;
		};
		BBA447702526DD9C00FB046F /* Resources */ = {
			isa = PBXResourcesBuildPhase;
			buildActionMask = 2147483647;
			files = (
			);
			runOnlyForDeploymentPostprocessing = 0;
		};
/* End PBXResourcesBuildPhase section */

/* Begin PBXSourcesBuildPhase section */
		BBA447522526DD9A00FB046F /* Sources */ = {
			isa = PBXSourcesBuildPhase;
			buildActionMask = 2147483647;
			files = (
				BBED948D2528858F0018C40A /* RingView.swift in Sources */,
				BBED9485252874650018C40A /* TabBar.swift in Sources */,
				BB3DB35F252867790050401D /* UpdateDetail.swift in Sources */,
				BBA4475C2526DD9A00FB046F /* ContentView.swift in Sources */,
				BB7BEB152527115300BCF114 /* MenuView.swift in Sources */,
				BB3DB35A25285FC90050401D /* UpdateList.swift in Sources */,
				BBED94802528705D0018C40A /* UpdateStore.swift in Sources */,
				BB7BEB1A25271F7F00BCF114 /* Home.swift in Sources */,
				BB7BEB1F25273B9C00BCF114 /* HomeView.swift in Sources */,
				BBA4475A2526DD9A00FB046F /* DesignCodeApp.swift in Sources */,
			);
			runOnlyForDeploymentPostprocessing = 0;
		};
		BBA447632526DD9B00FB046F /* Sources */ = {
			isa = PBXSourcesBuildPhase;
			buildActionMask = 2147483647;
			files = (
				BBA4476C2526DD9B00FB046F /* DesignCodeTests.swift in Sources */,
			);
			runOnlyForDeploymentPostprocessing = 0;
		};
		BBA4476E2526DD9C00FB046F /* Sources */ = {
			isa = PBXSourcesBuildPhase;
			buildActionMask = 2147483647;
			files = (
				BBA447772526DD9C00FB046F /* DesignCodeUITests.swift in Sources */,
			);
			runOnlyForDeploymentPostprocessing = 0;
		};
/* End PBXSourcesBuildPhase section */

/* Begin PBXTargetDependency section */
		BBA447692526DD9B00FB046F /* PBXTargetDependency */ = {
			isa = PBXTargetDependency;
			target = BBA447552526DD9A00FB046F /* DesignCode */;
			targetProxy = BBA447682526DD9B00FB046F /* PBXContainerItemProxy */;
		};
		BBA447742526DD9C00FB046F /* PBXTargetDependency */ = {
			isa = PBXTargetDependency;
			target = BBA447552526DD9A00FB046F /* DesignCode */;
			targetProxy = BBA447732526DD9C00FB046F /* PBXContainerItemProxy */;
		};
/* End PBXTargetDependency section */

/* Begin XCBuildConfiguration section */
		BBA447792526DD9C00FB046F /* Debug */ = {
			isa = XCBuildConfiguration;
			buildSettings = {
				ALWAYS_SEARCH_USER_PATHS = NO;
				CLANG_ANALYZER_NONNULL = YES;
				CLANG_ANALYZER_NUMBER_OBJECT_CONVERSION = YES_AGGRESSIVE;
				CLANG_CXX_LANGUAGE_STANDARD = "gnu++14";
				CLANG_CXX_LIBRARY = "libc++";
				CLANG_ENABLE_MODULES = YES;
				CLANG_ENABLE_OBJC_ARC = YES;
				CLANG_ENABLE_OBJC_WEAK = YES;
				CLANG_WARN_BLOCK_CAPTURE_AUTORELEASING = YES;
				CLANG_WARN_BOOL_CONVERSION = YES;
				CLANG_WARN_COMMA = YES;
				CLANG_WARN_CONSTANT_CONVERSION = YES;
				CLANG_WARN_DEPRECATED_OBJC_IMPLEMENTATIONS = YES;
				CLANG_WARN_DIRECT_OBJC_ISA_USAGE = YES_ERROR;
				CLANG_WARN_DOCUMENTATION_COMMENTS = YES;
				CLANG_WARN_EMPTY_BODY = YES;
				CLANG_WARN_ENUM_CONVERSION = YES;
				CLANG_WARN_INFINITE_RECURSION = YES;
				CLANG_WARN_INT_CONVERSION = YES;
				CLANG_WARN_NON_LITERAL_NULL_CONVERSION = YES;
				CLANG_WARN_OBJC_IMPLICIT_RETAIN_SELF = YES;
				CLANG_WARN_OBJC_LITERAL_CONVERSION = YES;
				CLANG_WARN_OBJC_ROOT_CLASS = YES_ERROR;
				CLANG_WARN_QUOTED_INCLUDE_IN_FRAMEWORK_HEADER = YES;
				CLANG_WARN_RANGE_LOOP_ANALYSIS = YES;
				CLANG_WARN_STRICT_PROTOTYPES = YES;
				CLANG_WARN_SUSPICIOUS_MOVE = YES;
				CLANG_WARN_UNGUARDED_AVAILABILITY = YES_AGGRESSIVE;
				CLANG_WARN_UNREACHABLE_CODE = YES;
				CLANG_WARN__DUPLICATE_METHOD_MATCH = YES;
				COPY_PHASE_STRIP = NO;
				DEBUG_INFORMATION_FORMAT = dwarf;
				ENABLE_STRICT_OBJC_MSGSEND = YES;
				ENABLE_TESTABILITY = YES;
				GCC_C_LANGUAGE_STANDARD = gnu11;
				GCC_DYNAMIC_NO_PIC = NO;
				GCC_NO_COMMON_BLOCKS = YES;
				GCC_OPTIMIZATION_LEVEL = 0;
				GCC_PREPROCESSOR_DEFINITIONS = (
					"DEBUG=1",
					"$(inherited)",
				);
				GCC_WARN_64_TO_32_BIT_CONVERSION = YES;
				GCC_WARN_ABOUT_RETURN_TYPE = YES_ERROR;
				GCC_WARN_UNDECLARED_SELECTOR = YES;
				GCC_WARN_UNINITIALIZED_AUTOS = YES_AGGRESSIVE;
				GCC_WARN_UNUSED_FUNCTION = YES;
				GCC_WARN_UNUSED_VARIABLE = YES;
				IPHONEOS_DEPLOYMENT_TARGET = 14.0;
				MTL_ENABLE_DEBUG_INFO = INCLUDE_SOURCE;
				MTL_FAST_MATH = YES;
				ONLY_ACTIVE_ARCH = YES;
				SDKROOT = iphoneos;
				SWIFT_ACTIVE_COMPILATION_CONDITIONS = DEBUG;
				SWIFT_OPTIMIZATION_LEVEL = "-Onone";
			};
			name = Debug;
		};
		BBA4477A2526DD9C00FB046F /* Release */ = {
			isa = XCBuildConfiguration;
			buildSettings = {
				ALWAYS_SEARCH_USER_PATHS = NO;
				CLANG_ANALYZER_NONNULL = YES;
				CLANG_ANALYZER_NUMBER_OBJECT_CONVERSION = YES_AGGRESSIVE;
				CLANG_CXX_LANGUAGE_STANDARD = "gnu++14";
				CLANG_CXX_LIBRARY = "libc++";
				CLANG_ENABLE_MODULES = YES;
				CLANG_ENABLE_OBJC_ARC = YES;
				CLANG_ENABLE_OBJC_WEAK = YES;
				CLANG_WARN_BLOCK_CAPTURE_AUTORELEASING = YES;
				CLANG_WARN_BOOL_CONVERSION = YES;
				CLANG_WARN_COMMA = YES;
				CLANG_WARN_CONSTANT_CONVERSION = YES;
				CLANG_WARN_DEPRECATED_OBJC_IMPLEMENTATIONS = YES;
				CLANG_WARN_DIRECT_OBJC_ISA_USAGE = YES_ERROR;
				CLANG_WARN_DOCUMENTATION_COMMENTS = YES;
				CLANG_WARN_EMPTY_BODY = YES;
				CLANG_WARN_ENUM_CONVERSION = YES;
				CLANG_WARN_INFINITE_RECURSION = YES;
				CLANG_WARN_INT_CONVERSION = YES;
				CLANG_WARN_NON_LITERAL_NULL_CONVERSION = YES;
				CLANG_WARN_OBJC_IMPLICIT_RETAIN_SELF = YES;
				CLANG_WARN_OBJC_LITERAL_CONVERSION = YES;
				CLANG_WARN_OBJC_ROOT_CLASS = YES_ERROR;
				CLANG_WARN_QUOTED_INCLUDE_IN_FRAMEWORK_HEADER = YES;
				CLANG_WARN_RANGE_LOOP_ANALYSIS = YES;
				CLANG_WARN_STRICT_PROTOTYPES = YES;
				CLANG_WARN_SUSPICIOUS_MOVE = YES;
				CLANG_WARN_UNGUARDED_AVAILABILITY = YES_AGGRESSIVE;
				CLANG_WARN_UNREACHABLE_CODE = YES;
				CLANG_WARN__DUPLICATE_METHOD_MATCH = YES;
				COPY_PHASE_STRIP = NO;
				DEBUG_INFORMATION_FORMAT = "dwarf-with-dsym";
				ENABLE_NS_ASSERTIONS = NO;
				ENABLE_STRICT_OBJC_MSGSEND = YES;
				GCC_C_LANGUAGE_STANDARD = gnu11;
				GCC_NO_COMMON_BLOCKS = YES;
				GCC_WARN_64_TO_32_BIT_CONVERSION = YES;
				GCC_WARN_ABOUT_RETURN_TYPE = YES_ERROR;
				GCC_WARN_UNDECLARED_SELECTOR = YES;
				GCC_WARN_UNINITIALIZED_AUTOS = YES_AGGRESSIVE;
				GCC_WARN_UNUSED_FUNCTION = YES;
				GCC_WARN_UNUSED_VARIABLE = YES;
				IPHONEOS_DEPLOYMENT_TARGET = 14.0;
				MTL_ENABLE_DEBUG_INFO = NO;
				MTL_FAST_MATH = YES;
				SDKROOT = iphoneos;
				SWIFT_COMPILATION_MODE = wholemodule;
				SWIFT_OPTIMIZATION_LEVEL = "-O";
				VALIDATE_PRODUCT = YES;
			};
			name = Release;
		};
		BBA4477C2526DD9C00FB046F /* Debug */ = {
			isa = XCBuildConfiguration;
			buildSettings = {
				ASSETCATALOG_COMPILER_APPICON_NAME = AppIcon;
				ASSETCATALOG_COMPILER_GLOBAL_ACCENT_COLOR_NAME = AccentColor;
				CODE_SIGN_STYLE = Automatic;
				DEVELOPMENT_ASSET_PATHS = "\"DesignCode/Preview Content\"";
				ENABLE_PREVIEWS = YES;
				INFOPLIST_FILE = DesignCode/Info.plist;
				IPHONEOS_DEPLOYMENT_TARGET = 14.0;
				LD_RUNPATH_SEARCH_PATHS = (
					"$(inherited)",
					"@executable_path/Frameworks",
				);
				PRODUCT_BUNDLE_IDENTIFIER = com.OJK.DesignCode;
				PRODUCT_NAME = "$(TARGET_NAME)";
				SWIFT_VERSION = 5.0;
				TARGETED_DEVICE_FAMILY = "1,2";
			};
			name = Debug;
		};
		BBA4477D2526DD9C00FB046F /* Release */ = {
			isa = XCBuildConfiguration;
			buildSettings = {
				ASSETCATALOG_COMPILER_APPICON_NAME = AppIcon;
				ASSETCATALOG_COMPILER_GLOBAL_ACCENT_COLOR_NAME = AccentColor;
				CODE_SIGN_STYLE = Automatic;
				DEVELOPMENT_ASSET_PATHS = "\"DesignCode/Preview Content\"";
				ENABLE_PREVIEWS = YES;
				INFOPLIST_FILE = DesignCode/Info.plist;
				IPHONEOS_DEPLOYMENT_TARGET = 14.0;
				LD_RUNPATH_SEARCH_PATHS = (
					"$(inherited)",
					"@executable_path/Frameworks",
				);
				PRODUCT_BUNDLE_IDENTIFIER = com.OJK.DesignCode;
				PRODUCT_NAME = "$(TARGET_NAME)";
				SWIFT_VERSION = 5.0;
				TARGETED_DEVICE_FAMILY = "1,2";
			};
			name = Release;
		};
		BBA4477F2526DD9C00FB046F /* Debug */ = {
			isa = XCBuildConfiguration;
			buildSettings = {
				ALWAYS_EMBED_SWIFT_STANDARD_LIBRARIES = YES;
				BUNDLE_LOADER = "$(TEST_HOST)";
				CODE_SIGN_STYLE = Automatic;
				INFOPLIST_FILE = DesignCodeTests/Info.plist;
				IPHONEOS_DEPLOYMENT_TARGET = 14.0;
				LD_RUNPATH_SEARCH_PATHS = (
					"$(inherited)",
					"@executable_path/Frameworks",
					"@loader_path/Frameworks",
				);
				PRODUCT_BUNDLE_IDENTIFIER = com.OJK.DesignCodeTests;
				PRODUCT_NAME = "$(TARGET_NAME)";
				SWIFT_VERSION = 5.0;
				TARGETED_DEVICE_FAMILY = "1,2";
				TEST_HOST = "$(BUILT_PRODUCTS_DIR)/DesignCode.app/DesignCode";
			};
			name = Debug;
		};
		BBA447802526DD9C00FB046F /* Release */ = {
			isa = XCBuildConfiguration;
			buildSettings = {
				ALWAYS_EMBED_SWIFT_STANDARD_LIBRARIES = YES;
				BUNDLE_LOADER = "$(TEST_HOST)";
				CODE_SIGN_STYLE = Automatic;
				INFOPLIST_FILE = DesignCodeTests/Info.plist;
				IPHONEOS_DEPLOYMENT_TARGET = 14.0;
				LD_RUNPATH_SEARCH_PATHS = (
					"$(inherited)",
					"@executable_path/Frameworks",
					"@loader_path/Frameworks",
				);
				PRODUCT_BUNDLE_IDENTIFIER = com.OJK.DesignCodeTests;
				PRODUCT_NAME = "$(TARGET_NAME)";
				SWIFT_VERSION = 5.0;
				TARGETED_DEVICE_FAMILY = "1,2";
				TEST_HOST = "$(BUILT_PRODUCTS_DIR)/DesignCode.app/DesignCode";
			};
			name = Release;
		};
		BBA447822526DD9C00FB046F /* Debug */ = {
			isa = XCBuildConfiguration;
			buildSettings = {
				ALWAYS_EMBED_SWIFT_STANDARD_LIBRARIES = YES;
				CODE_SIGN_STYLE = Automatic;
				INFOPLIST_FILE = DesignCodeUITests/Info.plist;
				LD_RUNPATH_SEARCH_PATHS = (
					"$(inherited)",
					"@executable_path/Frameworks",
					"@loader_path/Frameworks",
				);
				PRODUCT_BUNDLE_IDENTIFIER = com.OJK.DesignCodeUITests;
				PRODUCT_NAME = "$(TARGET_NAME)";
				SWIFT_VERSION = 5.0;
				TARGETED_DEVICE_FAMILY = "1,2";
				TEST_TARGET_NAME = DesignCode;
			};
			name = Debug;
		};
		BBA447832526DD9C00FB046F /* Release */ = {
			isa = XCBuildConfiguration;
			buildSettings = {
				ALWAYS_EMBED_SWIFT_STANDARD_LIBRARIES = YES;
				CODE_SIGN_STYLE = Automatic;
				INFOPLIST_FILE = DesignCodeUITests/Info.plist;
				LD_RUNPATH_SEARCH_PATHS = (
					"$(inherited)",
					"@executable_path/Frameworks",
					"@loader_path/Frameworks",
				);
				PRODUCT_BUNDLE_IDENTIFIER = com.OJK.DesignCodeUITests;
				PRODUCT_NAME = "$(TARGET_NAME)";
				SWIFT_VERSION = 5.0;
				TARGETED_DEVICE_FAMILY = "1,2";
				TEST_TARGET_NAME = DesignCode;
			};
			name = Release;
		};
/* End XCBuildConfiguration section */

/* Begin XCConfigurationList section */
		BBA447512526DD9A00FB046F /* Build configuration list for PBXProject "DesignCode" */ = {
			isa = XCConfigurationList;
			buildConfigurations = (
				BBA447792526DD9C00FB046F /* Debug */,
				BBA4477A2526DD9C00FB046F /* Release */,
			);
			defaultConfigurationIsVisible = 0;
			defaultConfigurationName = Release;
		};
		BBA4477B2526DD9C00FB046F /* Build configuration list for PBXNativeTarget "DesignCode" */ = {
			isa = XCConfigurationList;
			buildConfigurations = (
				BBA4477C2526DD9C00FB046F /* Debug */,
				BBA4477D2526DD9C00FB046F /* Release */,
			);
			defaultConfigurationIsVisible = 0;
			defaultConfigurationName = Release;
		};
		BBA4477E2526DD9C00FB046F /* Build configuration list for PBXNativeTarget "DesignCodeTests" */ = {
			isa = XCConfigurationList;
			buildConfigurations = (
				BBA4477F2526DD9C00FB046F /* Debug */,
				BBA447802526DD9C00FB046F /* Release */,
			);
			defaultConfigurationIsVisible = 0;
			defaultConfigurationName = Release;
		};
		BBA447812526DD9C00FB046F /* Build configuration list for PBXNativeTarget "DesignCodeUITests" */ = {
			isa = XCConfigurationList;
			buildConfigurations = (
				BBA447822526DD9C00FB046F /* Debug */,
				BBA447832526DD9C00FB046F /* Release */,
			);
			defaultConfigurationIsVisible = 0;
			defaultConfigurationName = Release;
		};
/* End XCConfigurationList section */
	};
	rootObject = BBA4474E2526DD9A00FB046F /* Project object */;
}
